
Microsoft Visual Studio Solution File, Format Version 12.00
# Visual Studio Version 16
VisualStudioVersion = 16.0.29728.190
MinimumVisualStudioVersion = 10.0.40219.1
Project("{FAE04EC0-301F-11D3-BF4B-00C04F79EFBC}") = "TUNGDZ6", "TUNGDZ6\TUNGDZ6.csproj", "{F156D615-F6E2-4BE9-8411-51F5B4F74CBC}"
EndProject
Global
	GlobalSection(SolutionConfigurationPlatforms) = preSolution
		Debug|Any CPU = Debug|Any CPU
		Release|Any CPU = Release|Any CPU
	EndGlobalSection
	GlobalSection(ProjectConfigurationPlatforms) = postSolution
		{F156D615-F6E2-4BE9-8411-51F5B4F74CBC}.Debug|Any CPU.ActiveCfg = Debug|Any CPU
		{F156D615-F6E2-4BE9-8411-51F5B4F74CBC}.Debug|Any CPU.Build.0 = Debug|Any CPU
		{F156D615-F6E2-4BE9-8411-51F5B4F74CBC}.Release|Any CPU.ActiveCfg = Release|Any CPU
		{F156D615-F6E2-4BE9-8411-51F5B4F74CBC}.Release|Any CPU.Build.0 = Release|Any CPU
	EndGlobalSection
	GlobalSection(SolutionProperties) = preSolution
		HideSolutionNode = FALSE
	EndGlobalSection
	GlobalSection(ExtensibilityGlobals) = postSolution
		SolutionGuid = {C5E639BC-6E71-4EF9-BF84-552B8BD1B6A8}
	EndGlobalSection
EndGlobal
